{
  "nodes": {
    "alacritty-files": {
      "flake": false,
      "locked": {
        "lastModified": 1694837807,
        "narHash": "sha256-SbosZqLFlWYK2aFIXdMf0JOSFqf8OVYVIklOG6BfuJQ=",
        "owner": "veryfastman",
        "repo": "alacritty-configuration-files",
        "rev": "1f50dffe13d39d55ed0b594beb1f5babf0673095",
        "type": "github"
      },
      "original": {
        "owner": "veryfastman",
        "repo": "alacritty-configuration-files",
        "type": "github"
      }
    },
    "home-manager": {
      "inputs": {
        "nixpkgs": [
          "nixpkgs"
        ]
      },
      "locked": {
        "lastModified": 1695074256,
        "narHash": "sha256-aqaq+mp0YdLzhyHlgI3GNno7XwK5P82uLCFTCIgYjMc=",
        "owner": "nix-community",
        "repo": "home-manager",
        "rev": "feb70061596134d403e14cc5ef7b01ab114d1dbd",
        "type": "github"
      },
      "original": {
        "owner": "nix-community",
        "repo": "home-manager",
        "type": "github"
      }
    },
    "nixpkgs": {
      "locked": {
        "lastModified": 1694959747,
        "narHash": "sha256-CXQ2MuledDVlVM5dLC4pB41cFlBWxRw4tCBsFrq3cRk=",
        "owner": "nixos",
        "repo": "nixpkgs",
        "rev": "970a59bd19eff3752ce552935687100c46e820a5",
        "type": "github"
      },
      "original": {
        "owner": "nixos",
        "ref": "nixos-unstable",
        "repo": "nixpkgs",
        "type": "github"
      }
    },
    "nur": {
      "locked": {
        "lastModified": 1695076089,
        "narHash": "sha256-OcCwDYZYErSz8QCtLvqMQkJufByS4r74SCTL9N3YGBk=",
        "owner": "nix-community",
        "repo": "nur",
        "rev": "1152aa48c3e88af00f2a3b2ff8af9d3c14cf5d72",
        "type": "github"
      },
      "original": {
        "owner": "nix-community",
        "repo": "nur",
        "type": "github"
      }
    },
    "root": {
      "inputs": {
        "alacritty-files": "alacritty-files",
        "home-manager": "home-manager",
        "nixpkgs": "nixpkgs",
        "nur": "nur",
        "shell-scripts": "shell-scripts",
        "wallpaper-collection": "wallpaper-collection"
      }
    },
    "shell-scripts": {
      "flake": false,
      "locked": {
        "lastModified": 1694836373,
        "narHash": "sha256-62K6DuIdylhQ3a1lOyqJmzw1Foc4qs0nlYGyoS8SK6Q=",
        "owner": "veryfastman",
        "repo": "shell-scripts",
        "rev": "f2facdf67bac02c1d2e4a29a5b2f5ca02ac4ab30",
        "type": "github"
      },
      "original": {
        "owner": "veryfastman",
        "repo": "shell-scripts",
        "type": "github"
      }
    },
    "wallpaper-collection": {
      "flake": false,
      "locked": {
        "lastModified": 1693886788,
        "narHash": "sha256-B9Inp3CyJkVW7y2ZmhnEYZtchB7wu2ca+cBIuYJ1w5Y=",
        "owner": "veryfastman",
        "repo": "wallpaper-collection",
        "rev": "751845e9ecf0d230a99b72c42c9116f19ac492e4",
        "type": "github"
      },
      "original": {
        "owner": "veryfastman",
        "repo": "wallpaper-collection",
        "type": "github"
      }
    }
  },
  "root": "root",
  "version": 7
}
