{
  "nodes": {
    "home-manager": {
      "inputs": {
        "nixpkgs": [
          "nixpkgs"
        ]
      },
      "locked": {
        "lastModified": 1694643239,
        "narHash": "sha256-pv2k/5FvyirDE8g4TNehzwZ0T4UOMMmqWSQnM/luRtE=",
        "owner": "nix-community",
        "repo": "home-manager",
        "rev": "d9b88b43524db1591fb3d9410a21428198d75d49",
        "type": "github"
      },
      "original": {
        "owner": "nix-community",
        "repo": "home-manager",
        "type": "github"
      }
    },
    "nixpkgs": {
      "locked": {
        "lastModified": 1694767346,
        "narHash": "sha256-5uH27SiVFUwsTsqC5rs3kS7pBoNhtoy9QfTP9BmknGk=",
        "owner": "nixos",
        "repo": "nixpkgs",
        "rev": "ace5093e36ab1e95cb9463863491bee90d5a4183",
        "type": "github"
      },
      "original": {
        "owner": "nixos",
        "ref": "nixos-unstable",
        "repo": "nixpkgs",
        "type": "github"
      }
    },
    "nur": {
      "locked": {
        "lastModified": 1694823351,
        "narHash": "sha256-mpowVbcYHB/mzIJxO0LCaJyEHEZV1gOZWUi8BYTEpcA=",
        "owner": "nix-community",
        "repo": "nur",
        "rev": "03084c6d2311ea8830a9a8dc3e0ed1edf7694c72",
        "type": "github"
      },
      "original": {
        "owner": "nix-community",
        "repo": "nur",
        "type": "github"
      }
    },
    "root": {
      "inputs": {
        "home-manager": "home-manager",
        "nixpkgs": "nixpkgs",
        "nur": "nur",
        "wallpaper-collection": "wallpaper-collection"
      }
    },
    "wallpaper-collection": {
      "flake": false,
      "locked": {
        "lastModified": 1693886788,
        "narHash": "sha256-B9Inp3CyJkVW7y2ZmhnEYZtchB7wu2ca+cBIuYJ1w5Y=",
        "owner": "veryfastman",
        "repo": "wallpaper-collection",
        "rev": "751845e9ecf0d230a99b72c42c9116f19ac492e4",
        "type": "github"
      },
      "original": {
        "owner": "veryfastman",
        "repo": "wallpaper-collection",
        "type": "github"
      }
    }
  },
  "root": "root",
  "version": 7
}
