{
  "nodes": {
    "alacritty-files": {
      "flake": false,
      "locked": {
        "lastModified": 1695585324,
        "narHash": "sha256-ykmyCgxZzvZrwkgwBpzleQePWkKgJUlGyy+yGpUKHJs=",
        "owner": "veryfastman",
        "repo": "alacritty-configuration-files",
        "rev": "6c5332831d667d02c4befdc37a8e00e3349c290e",
        "type": "github"
      },
      "original": {
        "owner": "veryfastman",
        "repo": "alacritty-configuration-files",
        "type": "github"
      }
    },
    "home-manager": {
      "inputs": {
        "nixpkgs": [
          "nixpkgs"
        ]
      },
      "locked": {
        "lastModified": 1695550077,
        "narHash": "sha256-xoxR/iY69/3lTnnZDP6gf3J46DUKPcf+Y1jH03tfZXE=",
        "owner": "nix-community",
        "repo": "home-manager",
        "rev": "a88df2fb101778bfd98a17556b3a2618c6c66091",
        "type": "github"
      },
      "original": {
        "owner": "nix-community",
        "repo": "home-manager",
        "type": "github"
      }
    },
    "nixpkgs": {
      "locked": {
        "lastModified": 1695360818,
        "narHash": "sha256-JlkN3R/SSoMTa+CasbxS1gq+GpGxXQlNZRUh9+LIy/0=",
        "owner": "nixos",
        "repo": "nixpkgs",
        "rev": "e35dcc04a3853da485a396bdd332217d0ac9054f",
        "type": "github"
      },
      "original": {
        "owner": "nixos",
        "ref": "nixos-unstable",
        "repo": "nixpkgs",
        "type": "github"
      }
    },
    "nur": {
      "locked": {
        "lastModified": 1695595493,
        "narHash": "sha256-w+45aL07zXX0MKHMuQyOcw2xwpqLwflJxcylT7JppDk=",
        "owner": "nix-community",
        "repo": "nur",
        "rev": "8d3edcce6accb4b308c4e94713c374b548cbabdf",
        "type": "github"
      },
      "original": {
        "owner": "nix-community",
        "repo": "nur",
        "type": "github"
      }
    },
    "root": {
      "inputs": {
        "alacritty-files": "alacritty-files",
        "home-manager": "home-manager",
        "nixpkgs": "nixpkgs",
        "nur": "nur",
        "shell-scripts": "shell-scripts",
        "wallpaper-collection": "wallpaper-collection"
      }
    },
    "shell-scripts": {
      "flake": false,
      "locked": {
        "lastModified": 1695348626,
        "narHash": "sha256-62K6DuIdylhQ3a1lOyqJmzw1Foc4qs0nlYGyoS8SK6Q=",
        "owner": "veryfastman",
        "repo": "shell-scripts",
        "rev": "1073143080a93a9d099d1dd61a60d429ee970878",
        "type": "github"
      },
      "original": {
        "owner": "veryfastman",
        "repo": "shell-scripts",
        "type": "github"
      }
    },
    "wallpaper-collection": {
      "flake": false,
      "locked": {
        "lastModified": 1693886788,
        "narHash": "sha256-B9Inp3CyJkVW7y2ZmhnEYZtchB7wu2ca+cBIuYJ1w5Y=",
        "owner": "veryfastman",
        "repo": "wallpaper-collection",
        "rev": "751845e9ecf0d230a99b72c42c9116f19ac492e4",
        "type": "github"
      },
      "original": {
        "owner": "veryfastman",
        "repo": "wallpaper-collection",
        "type": "github"
      }
    }
  },
  "root": "root",
  "version": 7
}
